// !$*UTF8*$!
{
	archiveVersion = 1;
	classes = {
	};
	objectVersion = 47;
	objects = {

/* Begin PBXBuildFile section */
		036EA9CA1D9E03C900193E58 /* LaunchScreen.storyboard in Resources */ = {isa = PBXBuildFile; fileRef = 036EA9C81D9E03C900193E58 /* LaunchScreen.storyboard */; };
		036EA9CF1D9E040400193E58 /* Assets.xcassets in Resources */ = {isa = PBXBuildFile; fileRef = 038E32281C83A632001EF027 /* Assets.xcassets */; };
		036EA9E41D9F2EE100193E58 /* MainView.xib in Resources */ = {isa = PBXBuildFile; fileRef = 036EA9E31D9F2EE100193E58 /* MainView.xib */; };
		036EA9EA1D9F459500193E58 /* MainView.xib in Resources */ = {isa = PBXBuildFile; fileRef = 036EA9E91D9F459500193E58 /* MainView.xib */; };
		036EA9EB1D9F499300193E58 /* TFE.m in Sources */ = {isa = PBXBuildFile; fileRef = 038E329A1C881127001EF027 /* TFE.m */; };
		036EA9EC1D9F499600193E58 /* TFEMove.m in Sources */ = {isa = PBXBuildFile; fileRef = 038E32A01C8A48F2001EF027 /* TFEMove.m */; };
		036EA9EE1D9F499D00193E58 /* TFEMainScene.m in Sources */ = {isa = PBXBuildFile; fileRef = 038E32471C83A746001EF027 /* TFEMainScene.m */; };
		036EA9EF1D9F49A000193E58 /* TFENode.m in Sources */ = {isa = PBXBuildFile; fileRef = 038E324A1C83D23B001EF027 /* TFENode.m */; };
		036EA9F01D9F49A500193E58 /* NSArray+TFEFunctional.m in Sources */ = {isa = PBXBuildFile; fileRef = 038E32501C856E29001EF027 /* NSArray+TFEFunctional.m */; };
		036EA9F11D9F49A800193E58 /* NSIndexSet+TFEHelpers.m in Sources */ = {isa = PBXBuildFile; fileRef = 038E324D1C83F667001EF027 /* NSIndexSet+TFEHelpers.m */; };
		036EAA011DA08F9E00193E58 /* TFEAppDelegate.swift in Sources */ = {isa = PBXBuildFile; fileRef = 036EAA001DA08F9E00193E58 /* TFEAppDelegate.swift */; };
		036EAA041DA0942200193E58 /* TFEAppDelegate.swift in Sources */ = {isa = PBXBuildFile; fileRef = 036EAA031DA0942200193E58 /* TFEAppDelegate.swift */; };
		036EAA091DA09C7C00193E58 /* TFEViewController.swift in Sources */ = {isa = PBXBuildFile; fileRef = 036EAA081DA09C7C00193E58 /* TFEViewController.swift */; };
		036EAA0B1DA09FBA00193E58 /* TFELabel.swift in Sources */ = {isa = PBXBuildFile; fileRef = 036EAA0A1DA09FBA00193E58 /* TFELabel.swift */; };
		036EAA0D1DA09FE400193E58 /* TFEGameController.swift in Sources */ = {isa = PBXBuildFile; fileRef = 036EAA0C1DA09FE400193E58 /* TFEGameController.swift */; };
		036EAA0E1DA0A58B00193E58 /* TFEViewController.swift in Sources */ = {isa = PBXBuildFile; fileRef = 036EAA081DA09C7C00193E58 /* TFEViewController.swift */; };
		036EAA0F1DA0A58B00193E58 /* TFELabel.swift in Sources */ = {isa = PBXBuildFile; fileRef = 036EAA0A1DA09FBA00193E58 /* TFELabel.swift */; };
		036EAA101DA0A58B00193E58 /* TFEGameController.swift in Sources */ = {isa = PBXBuildFile; fileRef = 036EAA0C1DA09FE400193E58 /* TFEGameController.swift */; };
		036EAA211DA2163400193E58 /* TFEBoard.swift in Sources */ = {isa = PBXBuildFile; fileRef = 036EAA201DA2163400193E58 /* TFEBoard.swift */; };
		036EAA221DA2187B00193E58 /* TFEBoard.swift in Sources */ = {isa = PBXBuildFile; fileRef = 036EAA201DA2163400193E58 /* TFEBoard.swift */; };
		036EAA2A1DA3052900193E58 /* TFEGameController+Keyboard.swift in Sources */ = {isa = PBXBuildFile; fileRef = 036EAA291DA3052900193E58 /* TFEGameController+Keyboard.swift */; };
		036EAA2D1DA3068600193E58 /* TFEGameController+Touches.swift in Sources */ = {isa = PBXBuildFile; fileRef = 036EAA2B1DA3056600193E58 /* TFEGameController+Touches.swift */; };
		038E32291C83A632001EF027 /* Assets.xcassets in Resources */ = {isa = PBXBuildFile; fileRef = 038E32281C83A632001EF027 /* Assets.xcassets */; };
		038E322C1C83A632001EF027 /* MainMenu.xib in Resources */ = {isa = PBXBuildFile; fileRef = 038E322A1C83A632001EF027 /* MainMenu.xib */; };
		038E32371C83A632001EF027 /* TwentyFortyEightSlideTests.m in Sources */ = {isa = PBXBuildFile; fileRef = 038E32361C83A632001EF027 /* TwentyFortyEightSlideTests.m */; };
		038E32481C83A746001EF027 /* TFEMainScene.m in Sources */ = {isa = PBXBuildFile; fileRef = 038E32471C83A746001EF027 /* TFEMainScene.m */; };
		038E324B1C83D23B001EF027 /* TFENode.m in Sources */ = {isa = PBXBuildFile; fileRef = 038E324A1C83D23B001EF027 /* TFENode.m */; };
		038E324E1C83F667001EF027 /* NSIndexSet+TFEHelpers.m in Sources */ = {isa = PBXBuildFile; fileRef = 038E324D1C83F667001EF027 /* NSIndexSet+TFEHelpers.m */; };
		038E32511C856E29001EF027 /* NSArray+TFEFunctional.m in Sources */ = {isa = PBXBuildFile; fileRef = 038E32501C856E29001EF027 /* NSArray+TFEFunctional.m */; };
		038E329B1C881127001EF027 /* TFE.m in Sources */ = {isa = PBXBuildFile; fileRef = 038E329A1C881127001EF027 /* TFE.m */; };
		038E32A11C8A48F2001EF027 /* TFEMove.m in Sources */ = {isa = PBXBuildFile; fileRef = 038E32A01C8A48F2001EF027 /* TFEMove.m */; };
		038E32A71C8A740C001EF027 /* TFEScoreTests.m in Sources */ = {isa = PBXBuildFile; fileRef = 038E32A61C8A740C001EF027 /* TFEScoreTests.m */; };
/* End PBXBuildFile section */

/* Begin PBXContainerItemProxy section */
		038E32331C83A632001EF027 /* PBXContainerItemProxy */ = {
			isa = PBXContainerItemProxy;
			containerPortal = 038E32121C83A632001EF027 /* Project object */;
			proxyType = 1;
			remoteGlobalIDString = 038E32191C83A632001EF027;
			remoteInfo = TwentyFortyEight;
		};
/* End PBXContainerItemProxy section */

/* Begin PBXFileReference section */
		036EA9B11D9E03C900193E58 /* TwentyFortyEight-iOS.app */ = {isa = PBXFileReference; explicitFileType = wrapper.application; includeInIndex = 0; path = "TwentyFortyEight-iOS.app"; sourceTree = BUILT_PRODUCTS_DIR; };
		036EA9C91D9E03C900193E58 /* Base */ = {isa = PBXFileReference; lastKnownFileType = file.storyboard; name = Base; path = Base.lproj/LaunchScreen.storyboard; sourceTree = "<group>"; };
		036EA9CB1D9E03C900193E58 /* Info.plist */ = {isa = PBXFileReference; lastKnownFileType = text.plist.xml; path = Info.plist; sourceTree = "<group>"; };
		036EA9D71D9F11AD00193E58 /* TFEMainScene+SlowForDebug.h */ = {isa = PBXFileReference; lastKnownFileType = sourcecode.c.h; path = "TFEMainScene+SlowForDebug.h"; sourceTree = "<group>"; };
		036EA9E31D9F2EE100193E58 /* MainView.xib */ = {isa = PBXFileReference; fileEncoding = 4; lastKnownFileType = file.xib; path = MainView.xib; sourceTree = "<group>"; };
		036EA9E91D9F459500193E58 /* MainView.xib */ = {isa = PBXFileReference; fileEncoding = 4; lastKnownFileType = file.xib; name = MainView.xib; path = Mac/MainView.xib; sourceTree = SOURCE_ROOT; };
		036EA9F51D9F508400193E58 /* TFENodeDirection.h */ = {isa = PBXFileReference; lastKnownFileType = sourcecode.c.h; name = TFENodeDirection.h; path = "Game Core/TFENodeDirection.h"; sourceTree = "<group>"; };
		036EA9FA1DA0547D00193E58 /* Info.plist */ = {isa = PBXFileReference; fileEncoding = 4; lastKnownFileType = text.plist.xml; name = Info.plist; path = Mac/Info.plist; sourceTree = SOURCE_ROOT; };
		036EA9FD1DA08F6B00193E58 /* TwentyFortyEight-Bridging-Header.h */ = {isa = PBXFileReference; lastKnownFileType = sourcecode.c.h; name = "TwentyFortyEight-Bridging-Header.h"; path = "../TwentyFortyEight-Bridging-Header.h"; sourceTree = "<group>"; };
		036EAA001DA08F9E00193E58 /* TFEAppDelegate.swift */ = {isa = PBXFileReference; fileEncoding = 4; lastKnownFileType = sourcecode.swift; name = TFEAppDelegate.swift; path = Mac/TFEAppDelegate.swift; sourceTree = SOURCE_ROOT; };
		036EAA031DA0942200193E58 /* TFEAppDelegate.swift */ = {isa = PBXFileReference; fileEncoding = 4; lastKnownFileType = sourcecode.swift; path = TFEAppDelegate.swift; sourceTree = "<group>"; };
		036EAA081DA09C7C00193E58 /* TFEViewController.swift */ = {isa = PBXFileReference; fileEncoding = 4; lastKnownFileType = sourcecode.swift; name = TFEViewController.swift; path = "Cross-Platform Wrappers/TFEViewController.swift"; sourceTree = "<group>"; };
		036EAA0A1DA09FBA00193E58 /* TFELabel.swift */ = {isa = PBXFileReference; fileEncoding = 4; lastKnownFileType = sourcecode.swift; name = TFELabel.swift; path = "Cross-Platform Wrappers/TFELabel.swift"; sourceTree = "<group>"; };
		036EAA0C1DA09FE400193E58 /* TFEGameController.swift */ = {isa = PBXFileReference; fileEncoding = 4; lastKnownFileType = sourcecode.swift; path = TFEGameController.swift; sourceTree = "<group>"; };
		036EAA201DA2163400193E58 /* TFEBoard.swift */ = {isa = PBXFileReference; fileEncoding = 4; lastKnownFileType = sourcecode.swift; name = TFEBoard.swift; path = "Game Core/TFEBoard.swift"; sourceTree = "<group>"; };
		036EAA291DA3052900193E58 /* TFEGameController+Keyboard.swift */ = {isa = PBXFileReference; fileEncoding = 4; lastKnownFileType = sourcecode.swift; name = "TFEGameController+Keyboard.swift"; path = "Mac/TFEGameController+Keyboard.swift"; sourceTree = SOURCE_ROOT; };
		036EAA2B1DA3056600193E58 /* TFEGameController+Touches.swift */ = {isa = PBXFileReference; fileEncoding = 4; lastKnownFileType = sourcecode.swift; path = "TFEGameController+Touches.swift"; sourceTree = "<group>"; };
		038E321A1C83A632001EF027 /* TwentyFortyEight.app */ = {isa = PBXFileReference; explicitFileType = wrapper.application; includeInIndex = 0; path = TwentyFortyEight.app; sourceTree = BUILT_PRODUCTS_DIR; };
		038E32281C83A632001EF027 /* Assets.xcassets */ = {isa = PBXFileReference; lastKnownFileType = folder.assetcatalog; path = Assets.xcassets; sourceTree = "<group>"; };
		038E322B1C83A632001EF027 /* Base */ = {isa = PBXFileReference; lastKnownFileType = file.xib; name = Base; path = Base.lproj/MainMenu.xib; sourceTree = "<group>"; };
		038E32321C83A632001EF027 /* TwentyFortyEightTests.xctest */ = {isa = PBXFileReference; explicitFileType = wrapper.cfbundle; includeInIndex = 0; path = TwentyFortyEightTests.xctest; sourceTree = BUILT_PRODUCTS_DIR; };
		038E32361C83A632001EF027 /* TwentyFortyEightSlideTests.m */ = {isa = PBXFileReference; lastKnownFileType = sourcecode.c.objc; lineEnding = 0; path = TwentyFortyEightSlideTests.m; sourceTree = "<group>"; xcLanguageSpecificationIdentifier = xcode.lang.objc; };
		038E32381C83A632001EF027 /* Info.plist */ = {isa = PBXFileReference; lastKnownFileType = text.plist.xml; name = Info.plist; path = Tests/Info.plist; sourceTree = SOURCE_ROOT; };
		038E32461C83A746001EF027 /* TFEMainScene.h */ = {isa = PBXFileReference; fileEncoding = 4; lastKnownFileType = sourcecode.c.h; path = TFEMainScene.h; sourceTree = "<group>"; };
		038E32471C83A746001EF027 /* TFEMainScene.m */ = {isa = PBXFileReference; fileEncoding = 4; lastKnownFileType = sourcecode.c.objc; lineEnding = 0; path = TFEMainScene.m; sourceTree = "<group>"; xcLanguageSpecificationIdentifier = xcode.lang.objc; };
		038E32491C83D23B001EF027 /* TFENode.h */ = {isa = PBXFileReference; fileEncoding = 4; lastKnownFileType = sourcecode.c.h; name = TFENode.h; path = "Game Core/TFENode.h"; sourceTree = "<group>"; };
		038E324A1C83D23B001EF027 /* TFENode.m */ = {isa = PBXFileReference; fileEncoding = 4; lastKnownFileType = sourcecode.c.objc; name = TFENode.m; path = "Game Core/TFENode.m"; sourceTree = "<group>"; };
		038E324C1C83F667001EF027 /* NSIndexSet+TFEHelpers.h */ = {isa = PBXFileReference; fileEncoding = 4; lastKnownFileType = sourcecode.c.h; name = "NSIndexSet+TFEHelpers.h"; path = "Extensions/NSIndexSet+TFEHelpers.h"; sourceTree = "<group>"; };
		038E324D1C83F667001EF027 /* NSIndexSet+TFEHelpers.m */ = {isa = PBXFileReference; fileEncoding = 4; lastKnownFileType = sourcecode.c.objc; name = "NSIndexSet+TFEHelpers.m"; path = "Extensions/NSIndexSet+TFEHelpers.m"; sourceTree = "<group>"; };
		038E324F1C856E29001EF027 /* NSArray+TFEFunctional.h */ = {isa = PBXFileReference; fileEncoding = 4; lastKnownFileType = sourcecode.c.h; name = "NSArray+TFEFunctional.h"; path = "Extensions/NSArray+TFEFunctional.h"; sourceTree = "<group>"; };
		038E32501C856E29001EF027 /* NSArray+TFEFunctional.m */ = {isa = PBXFileReference; fileEncoding = 4; lastKnownFileType = sourcecode.c.objc; name = "NSArray+TFEFunctional.m"; path = "Extensions/NSArray+TFEFunctional.m"; sourceTree = "<group>"; };
		038E32991C881127001EF027 /* TFE.h */ = {isa = PBXFileReference; fileEncoding = 4; lastKnownFileType = sourcecode.c.h; lineEnding = 0; name = TFE.h; path = "Game Core/TFE.h"; sourceTree = "<group>"; xcLanguageSpecificationIdentifier = xcode.lang.objcpp; };
		038E329A1C881127001EF027 /* TFE.m */ = {isa = PBXFileReference; fileEncoding = 4; lastKnownFileType = sourcecode.c.objc; lineEnding = 0; name = TFE.m; path = "Game Core/TFE.m"; sourceTree = "<group>"; xcLanguageSpecificationIdentifier = xcode.lang.objc; };
		038E329D1C88E449001EF027 /* TODO.taskpaper */ = {isa = PBXFileReference; fileEncoding = 4; lastKnownFileType = text; lineEnding = 0; path = TODO.taskpaper; sourceTree = "<group>"; xcLanguageSpecificationIdentifier = "<none>"; };
		038E329F1C8A48F2001EF027 /* TFEMove.h */ = {isa = PBXFileReference; fileEncoding = 4; lastKnownFileType = sourcecode.c.h; name = TFEMove.h; path = "Game Core/TFEMove.h"; sourceTree = "<group>"; };
		038E32A01C8A48F2001EF027 /* TFEMove.m */ = {isa = PBXFileReference; fileEncoding = 4; lastKnownFileType = sourcecode.c.objc; name = TFEMove.m; path = "Game Core/TFEMove.m"; sourceTree = "<group>"; };
		038E32A51C8A73AB001EF027 /* TFETestHeader.h */ = {isa = PBXFileReference; lastKnownFileType = sourcecode.c.h; path = TFETestHeader.h; sourceTree = "<group>"; };
		038E32A61C8A740C001EF027 /* TFEScoreTests.m */ = {isa = PBXFileReference; fileEncoding = 4; lastKnownFileType = sourcecode.c.objc; path = TFEScoreTests.m; sourceTree = "<group>"; };
/* End PBXFileReference section */

/* Begin PBXFrameworksBuildPhase section */
		036EA9AE1D9E03C900193E58 /* Frameworks */ = {
			isa = PBXFrameworksBuildPhase;
			buildActionMask = 2147483647;
			files = (
			);
			runOnlyForDeploymentPostprocessing = 0;
		};
		038E32171C83A632001EF027 /* Frameworks */ = {
			isa = PBXFrameworksBuildPhase;
			buildActionMask = 2147483647;
			files = (
			);
			runOnlyForDeploymentPostprocessing = 0;
		};
		038E322F1C83A632001EF027 /* Frameworks */ = {
			isa = PBXFrameworksBuildPhase;
			buildActionMask = 2147483647;
			files = (
			);
			runOnlyForDeploymentPostprocessing = 0;
		};
/* End PBXFrameworksBuildPhase section */

/* Begin PBXGroup section */
		036EA9B21D9E03C900193E58 /* iOS */ = {
			isa = PBXGroup;
			children = (
				036EAA031DA0942200193E58 /* TFEAppDelegate.swift */,
				036EAA2B1DA3056600193E58 /* TFEGameController+Touches.swift */,
				036EA9E31D9F2EE100193E58 /* MainView.xib */,
				036EA9C81D9E03C900193E58 /* LaunchScreen.storyboard */,
				036EA9CB1D9E03C900193E58 /* Info.plist */,
				036EA9B31D9E03C900193E58 /* Supporting Files */,
			);
			path = iOS;
			sourceTree = "<group>";
		};
		036EA9B31D9E03C900193E58 /* Supporting Files */ = {
			isa = PBXGroup;
			children = (
			);
			name = "Supporting Files";
			sourceTree = "<group>";
		};
		036EA9D01D9E040E00193E58 /* Common */ = {
			isa = PBXGroup;
			children = (
				036EA9FD1DA08F6B00193E58 /* TwentyFortyEight-Bridging-Header.h */,
				036EAA081DA09C7C00193E58 /* TFEViewController.swift */,
				036EAA0A1DA09FBA00193E58 /* TFELabel.swift */,
				036EAA0C1DA09FE400193E58 /* TFEGameController.swift */,
				036EA9F51D9F508400193E58 /* TFENodeDirection.h */,
				038E32991C881127001EF027 /* TFE.h */,
				038E329A1C881127001EF027 /* TFE.m */,
				038E329F1C8A48F2001EF027 /* TFEMove.h */,
				038E32A01C8A48F2001EF027 /* TFEMove.m */,
				036EAA201DA2163400193E58 /* TFEBoard.swift */,
				038E32461C83A746001EF027 /* TFEMainScene.h */,
				036EA9D71D9F11AD00193E58 /* TFEMainScene+SlowForDebug.h */,
				038E32471C83A746001EF027 /* TFEMainScene.m */,
				038E32491C83D23B001EF027 /* TFENode.h */,
				038E324A1C83D23B001EF027 /* TFENode.m */,
				038E324F1C856E29001EF027 /* NSArray+TFEFunctional.h */,
				038E32501C856E29001EF027 /* NSArray+TFEFunctional.m */,
				038E324C1C83F667001EF027 /* NSIndexSet+TFEHelpers.h */,
				038E324D1C83F667001EF027 /* NSIndexSet+TFEHelpers.m */,
				038E32281C83A632001EF027 /* Assets.xcassets */,
			);
			path = Common;
			sourceTree = "<group>";
		};
		038E32111C83A632001EF027 = {
			isa = PBXGroup;
			children = (
				038E329D1C88E449001EF027 /* TODO.taskpaper */,
				036EA9D01D9E040E00193E58 /* Common */,
				038E321C1C83A632001EF027 /* Mac */,
				036EA9B21D9E03C900193E58 /* iOS */,
				038E32351C83A632001EF027 /* Tests */,
				038E321B1C83A632001EF027 /* Products */,
			);
			sourceTree = "<group>";
		};
		038E321B1C83A632001EF027 /* Products */ = {
			isa = PBXGroup;
			children = (
				038E321A1C83A632001EF027 /* TwentyFortyEight.app */,
				038E32321C83A632001EF027 /* TwentyFortyEightTests.xctest */,
				036EA9B11D9E03C900193E58 /* TwentyFortyEight-iOS.app */,
			);
			name = Products;
			sourceTree = "<group>";
		};
		038E321C1C83A632001EF027 /* Mac */ = {
			isa = PBXGroup;
			children = (
				038E322A1C83A632001EF027 /* MainMenu.xib */,
				036EA9E91D9F459500193E58 /* MainView.xib */,
				036EAA001DA08F9E00193E58 /* TFEAppDelegate.swift */,
				036EAA291DA3052900193E58 /* TFEGameController+Keyboard.swift */,
				036EA9FA1DA0547D00193E58 /* Info.plist */,
				038E32201C83A632001EF027 /* Supporting Files */,
			);
			name = Mac;
			path = TwentyFortyEight;
			sourceTree = "<group>";
		};
		038E32201C83A632001EF027 /* Supporting Files */ = {
			isa = PBXGroup;
			children = (
			);
			name = "Supporting Files";
			sourceTree = SOURCE_ROOT;
		};
		038E32351C83A632001EF027 /* Tests */ = {
			isa = PBXGroup;
			children = (
				038E32A51C8A73AB001EF027 /* TFETestHeader.h */,
				038E32361C83A632001EF027 /* TwentyFortyEightSlideTests.m */,
				038E32A61C8A740C001EF027 /* TFEScoreTests.m */,
				038E32381C83A632001EF027 /* Info.plist */,
			);
			path = Tests;
			sourceTree = "<group>";
		};
/* End PBXGroup section */

/* Begin PBXNativeTarget section */
		036EA9B01D9E03C900193E58 /* TwentyFortyEight-iOS */ = {
			isa = PBXNativeTarget;
			buildConfigurationList = 036EA9CE1D9E03C900193E58 /* Build configuration list for PBXNativeTarget "TwentyFortyEight-iOS" */;
			buildPhases = (
				036EA9AD1D9E03C900193E58 /* Sources */,
				036EA9AE1D9E03C900193E58 /* Frameworks */,
				036EA9AF1D9E03C900193E58 /* Resources */,
			);
			buildRules = (
			);
			dependencies = (
			);
			name = "TwentyFortyEight-iOS";
			productName = "TwentyFortyEight-iOS";
			productReference = 036EA9B11D9E03C900193E58 /* TwentyFortyEight-iOS.app */;
			productType = "com.apple.product-type.application";
		};
		038E32191C83A632001EF027 /* TwentyFortyEight */ = {
			isa = PBXNativeTarget;
			buildConfigurationList = 038E323B1C83A632001EF027 /* Build configuration list for PBXNativeTarget "TwentyFortyEight" */;
			buildPhases = (
				038E32161C83A632001EF027 /* Sources */,
				038E32171C83A632001EF027 /* Frameworks */,
				038E32181C83A632001EF027 /* Resources */,
			);
			buildRules = (
			);
			dependencies = (
			);
			name = TwentyFortyEight;
			productName = TwentyFortyEight;
			productReference = 038E321A1C83A632001EF027 /* TwentyFortyEight.app */;
			productType = "com.apple.product-type.application";
		};
		038E32311C83A632001EF027 /* TwentyFortyEightTests */ = {
			isa = PBXNativeTarget;
			buildConfigurationList = 038E323E1C83A632001EF027 /* Build configuration list for PBXNativeTarget "TwentyFortyEightTests" */;
			buildPhases = (
				038E322E1C83A632001EF027 /* Sources */,
				038E322F1C83A632001EF027 /* Frameworks */,
				038E32301C83A632001EF027 /* Resources */,
			);
			buildRules = (
			);
			dependencies = (
				038E32341C83A632001EF027 /* PBXTargetDependency */,
			);
			name = TwentyFortyEightTests;
			productName = TwentyFortyEightTests;
			productReference = 038E32321C83A632001EF027 /* TwentyFortyEightTests.xctest */;
			productType = "com.apple.product-type.bundle.unit-test";
		};
/* End PBXNativeTarget section */

/* Begin PBXProject section */
		038E32121C83A632001EF027 /* Project object */ = {
			isa = PBXProject;
			attributes = {
				CLASSPREFIX = TFE;
				LastUpgradeCheck = 0720;
				ORGANIZATIONNAME = "Josh Caswell";
				TargetAttributes = {
					036EA9B01D9E03C900193E58 = {
						CreatedOnToolsVersion = 8.0;
						DevelopmentTeam = F655DJ76U3;
						LastSwiftMigration = 0800;
						ProvisioningStyle = Automatic;
					};
					038E32191C83A632001EF027 = {
						CreatedOnToolsVersion = 7.2;
						LastSwiftMigration = 0800;
					};
					038E32311C83A632001EF027 = {
						CreatedOnToolsVersion = 7.2;
						TestTargetID = 038E32191C83A632001EF027;
					};
				};
			};
			buildConfigurationList = 038E32151C83A632001EF027 /* Build configuration list for PBXProject "TwentyFortyEight" */;
			compatibilityVersion = "Xcode 6.3";
			developmentRegion = English;
			hasScannedForEncodings = 0;
			knownRegions = (
				en,
				Base,
			);
			mainGroup = 038E32111C83A632001EF027;
			productRefGroup = 038E321B1C83A632001EF027 /* Products */;
			projectDirPath = "";
			projectRoot = "";
			targets = (
				038E32191C83A632001EF027 /* TwentyFortyEight */,
				038E32311C83A632001EF027 /* TwentyFortyEightTests */,
				036EA9B01D9E03C900193E58 /* TwentyFortyEight-iOS */,
			);
		};
/* End PBXProject section */

/* Begin PBXResourcesBuildPhase section */
		036EA9AF1D9E03C900193E58 /* Resources */ = {
			isa = PBXResourcesBuildPhase;
			buildActionMask = 2147483647;
			files = (
				036EA9E41D9F2EE100193E58 /* MainView.xib in Resources */,
				036EA9CF1D9E040400193E58 /* Assets.xcassets in Resources */,
				036EA9CA1D9E03C900193E58 /* LaunchScreen.storyboard in Resources */,
			);
			runOnlyForDeploymentPostprocessing = 0;
		};
		038E32181C83A632001EF027 /* Resources */ = {
			isa = PBXResourcesBuildPhase;
			buildActionMask = 2147483647;
			files = (
				036EA9EA1D9F459500193E58 /* MainView.xib in Resources */,
				038E32291C83A632001EF027 /* Assets.xcassets in Resources */,
				038E322C1C83A632001EF027 /* MainMenu.xib in Resources */,
			);
			runOnlyForDeploymentPostprocessing = 0;
		};
		038E32301C83A632001EF027 /* Resources */ = {
			isa = PBXResourcesBuildPhase;
			buildActionMask = 2147483647;
			files = (
			);
			runOnlyForDeploymentPostprocessing = 0;
		};
/* End PBXResourcesBuildPhase section */

/* Begin PBXSourcesBuildPhase section */
		036EA9AD1D9E03C900193E58 /* Sources */ = {
			isa = PBXSourcesBuildPhase;
			buildActionMask = 2147483647;
			files = (
				036EA9F11D9F49A800193E58 /* NSIndexSet+TFEHelpers.m in Sources */,
				036EA9EE1D9F499D00193E58 /* TFEMainScene.m in Sources */,
				036EAA0E1DA0A58B00193E58 /* TFEViewController.swift in Sources */,
				036EAA101DA0A58B00193E58 /* TFEGameController.swift in Sources */,
				036EAA041DA0942200193E58 /* TFEAppDelegate.swift in Sources */,
				036EAA2D1DA3068600193E58 /* TFEGameController+Touches.swift in Sources */,
				036EA9F01D9F49A500193E58 /* NSArray+TFEFunctional.m in Sources */,
				036EAA0F1DA0A58B00193E58 /* TFELabel.swift in Sources */,
				036EAA221DA2187B00193E58 /* TFEBoard.swift in Sources */,
				036EA9EB1D9F499300193E58 /* TFE.m in Sources */,
				036EA9EF1D9F49A000193E58 /* TFENode.m in Sources */,
				036EA9EC1D9F499600193E58 /* TFEMove.m in Sources */,
			);
			runOnlyForDeploymentPostprocessing = 0;
		};
		038E32161C83A632001EF027 /* Sources */ = {
			isa = PBXSourcesBuildPhase;
			buildActionMask = 2147483647;
			files = (
				036EAA2A1DA3052900193E58 /* TFEGameController+Keyboard.swift in Sources */,
				038E32481C83A746001EF027 /* TFEMainScene.m in Sources */,
				038E32511C856E29001EF027 /* NSArray+TFEFunctional.m in Sources */,
				038E324B1C83D23B001EF027 /* TFENode.m in Sources */,
				036EAA091DA09C7C00193E58 /* TFEViewController.swift in Sources */,
				038E32A11C8A48F2001EF027 /* TFEMove.m in Sources */,
				038E324E1C83F667001EF027 /* NSIndexSet+TFEHelpers.m in Sources */,
				036EAA0B1DA09FBA00193E58 /* TFELabel.swift in Sources */,
				036EAA011DA08F9E00193E58 /* TFEAppDelegate.swift in Sources */,
				036EAA211DA2163400193E58 /* TFEBoard.swift in Sources */,
				036EAA0D1DA09FE400193E58 /* TFEGameController.swift in Sources */,
				038E329B1C881127001EF027 /* TFE.m in Sources */,
			);
			runOnlyForDeploymentPostprocessing = 0;
		};
		038E322E1C83A632001EF027 /* Sources */ = {
			isa = PBXSourcesBuildPhase;
			buildActionMask = 2147483647;
			files = (
				038E32A71C8A740C001EF027 /* TFEScoreTests.m in Sources */,
				038E32371C83A632001EF027 /* TwentyFortyEightSlideTests.m in Sources */,
			);
			runOnlyForDeploymentPostprocessing = 0;
		};
/* End PBXSourcesBuildPhase section */

/* Begin PBXTargetDependency section */
		038E32341C83A632001EF027 /* PBXTargetDependency */ = {
			isa = PBXTargetDependency;
			target = 038E32191C83A632001EF027 /* TwentyFortyEight */;
			targetProxy = 038E32331C83A632001EF027 /* PBXContainerItemProxy */;
		};
/* End PBXTargetDependency section */

/* Begin PBXVariantGroup section */
		036EA9C81D9E03C900193E58 /* LaunchScreen.storyboard */ = {
			isa = PBXVariantGroup;
			children = (
				036EA9C91D9E03C900193E58 /* Base */,
			);
			name = LaunchScreen.storyboard;
			sourceTree = "<group>";
		};
		038E322A1C83A632001EF027 /* MainMenu.xib */ = {
			isa = PBXVariantGroup;
			children = (
				038E322B1C83A632001EF027 /* Base */,
			);
			name = MainMenu.xib;
			path = Mac;
			sourceTree = SOURCE_ROOT;
		};
/* End PBXVariantGroup section */

/* Begin XCBuildConfiguration section */
		036EA9CC1D9E03C900193E58 /* Debug */ = {
			isa = XCBuildConfiguration;
			buildSettings = {
				ASSETCATALOG_COMPILER_APPICON_NAME = AppIcon;
				CLANG_ANALYZER_NONNULL = YES;
				CLANG_ENABLE_MODULES = YES;
				CLANG_WARN_DOCUMENTATION_COMMENTS = YES;
				CLANG_WARN_INFINITE_RECURSION = YES;
				CLANG_WARN_SUSPICIOUS_MOVES = YES;
				"CODE_SIGN_IDENTITY[sdk=iphoneos*]" = "iPhone Developer";
				DEBUG_INFORMATION_FORMAT = dwarf;
				DEFINES_MODULE = YES;
				DEVELOPMENT_TEAM = F655DJ76U3;
				INFOPLIST_FILE = iOS/Info.plist;
				IPHONEOS_DEPLOYMENT_TARGET = 10.0;
				LD_RUNPATH_SEARCH_PATHS = "$(inherited) @executable_path/Frameworks";
				PRODUCT_BUNDLE_IDENTIFIER = "WoolSweaterSoft.TwentyFortyEight-iOS";
				PRODUCT_MODULE_NAME = TwentyFortyEight;
				PRODUCT_NAME = "$(TARGET_NAME)";
				SDKROOT = iphoneos;
				SWIFT_OBJC_BRIDGING_HEADER = "TwentyFortyEight-Bridging-Header.h";
				SWIFT_OPTIMIZATION_LEVEL = "-Onone";
				SWIFT_VERSION = 2.3;
				TARGETED_DEVICE_FAMILY = "1,2";
				USER_HEADER_SEARCH_PATHS = $PROJECT_DIR/Common;
			};
			name = Debug;
		};
		036EA9CD1D9E03C900193E58 /* Release */ = {
			isa = XCBuildConfiguration;
			buildSettings = {
				ASSETCATALOG_COMPILER_APPICON_NAME = AppIcon;
				CLANG_ANALYZER_NONNULL = YES;
				CLANG_ENABLE_MODULES = YES;
				CLANG_WARN_DOCUMENTATION_COMMENTS = YES;
				CLANG_WARN_INFINITE_RECURSION = YES;
				CLANG_WARN_SUSPICIOUS_MOVES = YES;
				"CODE_SIGN_IDENTITY[sdk=iphoneos*]" = "iPhone Developer";
				DEFINES_MODULE = YES;
				DEVELOPMENT_TEAM = F655DJ76U3;
				INFOPLIST_FILE = iOS/Info.plist;
				IPHONEOS_DEPLOYMENT_TARGET = 10.0;
				LD_RUNPATH_SEARCH_PATHS = "$(inherited) @executable_path/Frameworks";
				PRODUCT_BUNDLE_IDENTIFIER = "WoolSweaterSoft.TwentyFortyEight-iOS";
				PRODUCT_MODULE_NAME = TwentyFortyEight;
				PRODUCT_NAME = "$(TARGET_NAME)";
				SDKROOT = iphoneos;
				SWIFT_OBJC_BRIDGING_HEADER = "TwentyFortyEight-Bridging-Header.h";
				SWIFT_VERSION = 2.3;
				TARGETED_DEVICE_FAMILY = "1,2";
				USER_HEADER_SEARCH_PATHS = $PROJECT_DIR/Common;
				VALIDATE_PRODUCT = YES;
			};
			name = Release;
		};
		038E32391C83A632001EF027 /* Debug */ = {
			isa = XCBuildConfiguration;
			buildSettings = {
				ALWAYS_SEARCH_USER_PATHS = NO;
				CLANG_CXX_LANGUAGE_STANDARD = "gnu++0x";
				CLANG_CXX_LIBRARY = "libc++";
				CLANG_ENABLE_MODULES = YES;
				CLANG_ENABLE_OBJC_ARC = YES;
				CLANG_WARN_BOOL_CONVERSION = YES;
				CLANG_WARN_CONSTANT_CONVERSION = YES;
				CLANG_WARN_DIRECT_OBJC_ISA_USAGE = YES_ERROR;
				CLANG_WARN_EMPTY_BODY = YES;
				CLANG_WARN_ENUM_CONVERSION = YES;
				CLANG_WARN_INT_CONVERSION = YES;
				CLANG_WARN_OBJC_ROOT_CLASS = YES_ERROR;
				CLANG_WARN_UNREACHABLE_CODE = YES;
				CLANG_WARN__DUPLICATE_METHOD_MATCH = YES;
				CODE_SIGN_IDENTITY = "-";
				COPY_PHASE_STRIP = NO;
				DEBUG_INFORMATION_FORMAT = "dwarf-with-dsym";
				ENABLE_STRICT_OBJC_MSGSEND = YES;
				ENABLE_TESTABILITY = YES;
				GCC_C_LANGUAGE_STANDARD = gnu99;
				GCC_DYNAMIC_NO_PIC = NO;
				GCC_NO_COMMON_BLOCKS = YES;
				GCC_OPTIMIZATION_LEVEL = 0;
				GCC_PREPROCESSOR_DEFINITIONS = (
					"DEBUG=1",
					"$(inherited)",
				);
				GCC_WARN_64_TO_32_BIT_CONVERSION = YES;
				GCC_WARN_ABOUT_RETURN_TYPE = YES_ERROR;
				GCC_WARN_UNDECLARED_SELECTOR = YES;
				GCC_WARN_UNINITIALIZED_AUTOS = YES_AGGRESSIVE;
				GCC_WARN_UNUSED_FUNCTION = YES;
				GCC_WARN_UNUSED_VARIABLE = YES;
				MACOSX_DEPLOYMENT_TARGET = 10.11;
				MTL_ENABLE_DEBUG_INFO = YES;
				ONLY_ACTIVE_ARCH = YES;
				SDKROOT = macosx;
			};
			name = Debug;
		};
		038E323A1C83A632001EF027 /* Release */ = {
			isa = XCBuildConfiguration;
			buildSettings = {
				ALWAYS_SEARCH_USER_PATHS = NO;
				CLANG_CXX_LANGUAGE_STANDARD = "gnu++0x";
				CLANG_CXX_LIBRARY = "libc++";
				CLANG_ENABLE_MODULES = YES;
				CLANG_ENABLE_OBJC_ARC = YES;
				CLANG_WARN_BOOL_CONVERSION = YES;
				CLANG_WARN_CONSTANT_CONVERSION = YES;
				CLANG_WARN_DIRECT_OBJC_ISA_USAGE = YES_ERROR;
				CLANG_WARN_EMPTY_BODY = YES;
				CLANG_WARN_ENUM_CONVERSION = YES;
				CLANG_WARN_INT_CONVERSION = YES;
				CLANG_WARN_OBJC_ROOT_CLASS = YES_ERROR;
				CLANG_WARN_UNREACHABLE_CODE = YES;
				CLANG_WARN__DUPLICATE_METHOD_MATCH = YES;
				CODE_SIGN_IDENTITY = "-";
				COPY_PHASE_STRIP = NO;
				DEBUG_INFORMATION_FORMAT = "dwarf-with-dsym";
				ENABLE_NS_ASSERTIONS = NO;
				ENABLE_STRICT_OBJC_MSGSEND = YES;
				GCC_C_LANGUAGE_STANDARD = gnu99;
				GCC_NO_COMMON_BLOCKS = YES;
				GCC_WARN_64_TO_32_BIT_CONVERSION = YES;
				GCC_WARN_ABOUT_RETURN_TYPE = YES_ERROR;
				GCC_WARN_UNDECLARED_SELECTOR = YES;
				GCC_WARN_UNINITIALIZED_AUTOS = YES_AGGRESSIVE;
				GCC_WARN_UNUSED_FUNCTION = YES;
				GCC_WARN_UNUSED_VARIABLE = YES;
				MACOSX_DEPLOYMENT_TARGET = 10.11;
				MTL_ENABLE_DEBUG_INFO = NO;
				SDKROOT = macosx;
			};
			name = Release;
		};
		038E323C1C83A632001EF027 /* Debug */ = {
			isa = XCBuildConfiguration;
			buildSettings = {
				ASSETCATALOG_COMPILER_APPICON_NAME = AppIcon;
				CLANG_ENABLE_MODULES = YES;
				COMBINE_HIDPI_IMAGES = YES;
				DEFINES_MODULE = YES;
				INFOPLIST_FILE = Mac/Info.plist;
				LD_RUNPATH_SEARCH_PATHS = "$(inherited) @executable_path/../Frameworks";
				PRODUCT_BUNDLE_IDENTIFIER = WoolSweaterSoft.TwentyFortyEight;
				PRODUCT_NAME = "$(TARGET_NAME)";
				SWIFT_OBJC_BRIDGING_HEADER = "TwentyFortyEight-Bridging-Header.h";
				SWIFT_OPTIMIZATION_LEVEL = "-Onone";
				SWIFT_VERSION = 2.3;
			};
			name = Debug;
		};
		038E323D1C83A632001EF027 /* Release */ = {
			isa = XCBuildConfiguration;
			buildSettings = {
				ASSETCATALOG_COMPILER_APPICON_NAME = AppIcon;
				CLANG_ENABLE_MODULES = YES;
				COMBINE_HIDPI_IMAGES = YES;
				DEFINES_MODULE = YES;
				INFOPLIST_FILE = Mac/Info.plist;
				LD_RUNPATH_SEARCH_PATHS = "$(inherited) @executable_path/../Frameworks";
				PRODUCT_BUNDLE_IDENTIFIER = WoolSweaterSoft.TwentyFortyEight;
				PRODUCT_NAME = "$(TARGET_NAME)";
				SWIFT_OBJC_BRIDGING_HEADER = "TwentyFortyEight-Bridging-Header.h";
				SWIFT_VERSION = 2.3;
			};
			name = Release;
		};
		038E323F1C83A632001EF027 /* Debug */ = {
			isa = XCBuildConfiguration;
			buildSettings = {
				ALWAYS_EMBED_SWIFT_STANDARD_LIBRARIES = YES;
				BUNDLE_LOADER = "$(TEST_HOST)";
				COMBINE_HIDPI_IMAGES = YES;
				DEBUG_INFORMATION_FORMAT = dwarf;
				INFOPLIST_FILE = Tests/Info.plist;
				LD_RUNPATH_SEARCH_PATHS = "$(inherited) @executable_path/../Frameworks @loader_path/../Frameworks";
				PRODUCT_BUNDLE_IDENTIFIER = WoolSweaterSoft.TwentyFortyEightTests;
				PRODUCT_NAME = "$(TARGET_NAME)";
				TEST_HOST = "$(BUILT_PRODUCTS_DIR)/TwentyFortyEight.app/Contents/MacOS/TwentyFortyEight";
			};
			name = Debug;
		};
		038E32401C83A632001EF027 /* Release */ = {
			isa = XCBuildConfiguration;
			buildSettings = {
				ALWAYS_EMBED_SWIFT_STANDARD_LIBRARIES = YES;
				BUNDLE_LOADER = "$(TEST_HOST)";
				COMBINE_HIDPI_IMAGES = YES;
				INFOPLIST_FILE = Tests/Info.plist;
				LD_RUNPATH_SEARCH_PATHS = "$(inherited) @executable_path/../Frameworks @loader_path/../Frameworks";
				PRODUCT_BUNDLE_IDENTIFIER = WoolSweaterSoft.TwentyFortyEightTests;
				PRODUCT_NAME = "$(TARGET_NAME)";
				TEST_HOST = "$(BUILT_PRODUCTS_DIR)/TwentyFortyEight.app/Contents/MacOS/TwentyFortyEight";
			};
			name = Release;
		};
/* End XCBuildConfiguration section */

/* Begin XCConfigurationList section */
		036EA9CE1D9E03C900193E58 /* Build configuration list for PBXNativeTarget "TwentyFortyEight-iOS" */ = {
			isa = XCConfigurationList;
			buildConfigurations = (
				036EA9CC1D9E03C900193E58 /* Debug */,
				036EA9CD1D9E03C900193E58 /* Release */,
			);
			defaultConfigurationIsVisible = 0;
			defaultConfigurationName = Release;
		};
		038E32151C83A632001EF027 /* Build configuration list for PBXProject "TwentyFortyEight" */ = {
			isa = XCConfigurationList;
			buildConfigurations = (
				038E32391C83A632001EF027 /* Debug */,
				038E323A1C83A632001EF027 /* Release */,
			);
			defaultConfigurationIsVisible = 0;
			defaultConfigurationName = Release;
		};
		038E323B1C83A632001EF027 /* Build configuration list for PBXNativeTarget "TwentyFortyEight" */ = {
			isa = XCConfigurationList;
			buildConfigurations = (
				038E323C1C83A632001EF027 /* Debug */,
				038E323D1C83A632001EF027 /* Release */,
			);
			defaultConfigurationIsVisible = 0;
			defaultConfigurationName = Release;
		};
		038E323E1C83A632001EF027 /* Build configuration list for PBXNativeTarget "TwentyFortyEightTests" */ = {
			isa = XCConfigurationList;
			buildConfigurations = (
				038E323F1C83A632001EF027 /* Debug */,
				038E32401C83A632001EF027 /* Release */,
			);
			defaultConfigurationIsVisible = 0;
			defaultConfigurationName = Release;
		};
/* End XCConfigurationList section */
	};
	rootObject = 038E32121C83A632001EF027 /* Project object */;
}
